
Microsoft Visual Studio Solution File, Format Version 12.00
# Visual Studio 14
VisualStudioVersion = 14.0.25420.1
MinimumVisualStudioVersion = 10.0.40219.1
Project("{F14B399A-7131-4C87-9E4B-1186C45EF12D}") = "AdventureWorksProject", "AdventureWorksProject\AdventureWorksProject.rptproj", "{05C2AC17-7445-48FC-91C1-226B201956FD}"
EndProject
Global
	GlobalSection(SolutionConfigurationPlatforms) = preSolution
		Debug|Default = Debug|Default
		DebugLocal|Default = DebugLocal|Default
		Release|Default = Release|Default
	EndGlobalSection
	GlobalSection(ProjectConfigurationPlatforms) = postSolution
		{05C2AC17-7445-48FC-91C1-226B201956FD}.Debug|Default.ActiveCfg = Debug
		{05C2AC17-7445-48FC-91C1-226B201956FD}.Debug|Default.Build.0 = DebugLocal
		{05C2AC17-7445-48FC-91C1-226B201956FD}.Debug|Default.Deploy.0 = DebugLocal
		{05C2AC17-7445-48FC-91C1-226B201956FD}.DebugLocal|Default.ActiveCfg = DebugLocal
		{05C2AC17-7445-48FC-91C1-226B201956FD}.DebugLocal|Default.Build.0 = DebugLocal
		{05C2AC17-7445-48FC-91C1-226B201956FD}.Release|Default.ActiveCfg = Release
		{05C2AC17-7445-48FC-91C1-226B201956FD}.Release|Default.Build.0 = Release
		{05C2AC17-7445-48FC-91C1-226B201956FD}.Release|Default.Deploy.0 = Release
	EndGlobalSection
	GlobalSection(SolutionProperties) = preSolution
		HideSolutionNode = FALSE
	EndGlobalSection
EndGlobal
